
Microsoft Visual Studio Solution File, Format Version 12.00
# Visual Studio Version 17
VisualStudioVersion = 17.9.34622.214
MinimumVisualStudioVersion = 10.0.40219.1
Project("{FAE04EC0-301F-11D3-BF4B-00C04F79EFBC}") = "GymAppRunner", "GymAppRunner.csproj", "{9EC7E140-E8F1-46D1-B48F-CB8F78796EFB}"
EndProject
Global
	GlobalSection(SolutionConfigurationPlatforms) = preSolution
		Debug|Any CPU = Debug|Any CPU
		Release|Any CPU = Release|Any CPU
	EndGlobalSection
	GlobalSection(ProjectConfigurationPlatforms) = postSolution
		{9EC7E140-E8F1-46D1-B48F-CB8F78796EFB}.Debug|Any CPU.ActiveCfg = Debug|Any CPU
		{9EC7E140-E8F1-46D1-B48F-CB8F78796EFB}.Debug|Any CPU.Build.0 = Debug|Any CPU
		{9EC7E140-E8F1-46D1-B48F-CB8F78796EFB}.Release|Any CPU.ActiveCfg = Release|Any CPU
		{9EC7E140-E8F1-46D1-B48F-CB8F78796EFB}.Release|Any CPU.Build.0 = Release|Any CPU
	EndGlobalSection
	GlobalSection(SolutionProperties) = preSolution
		HideSolutionNode = FALSE
	EndGlobalSection
	GlobalSection(ExtensibilityGlobals) = postSolution
		SolutionGuid = {4A591031-2D8B-46E5-9896-774D773679E1}
	EndGlobalSection
EndGlobal
